
Microsoft Visual Studio Solution File, Format Version 12.00
# Visual Studio Version 17
VisualStudioVersion = 17.0.32112.339
MinimumVisualStudioVersion = 10.0.40219.1
Project("{9A19103F-16F7-4668-BE54-9A1E7A4F7556}") = "Cooker (Proxy)", "Cooker (Proxy)\Cooker (Proxy).csproj", "{625E4500-C05C-44E8-8508-33FF9ECEE2CF}"
EndProject
Project("{FAE04EC0-301F-11D3-BF4B-00C04F79EFBC}") = "Attacker (Strategy)", "Attacker (Strategy)\Attacker (Strategy).csproj", "{27D589CC-81A4-4F82-8316-D2C422F387A9}"
EndProject
Project("{FAE04EC0-301F-11D3-BF4B-00C04F79EFBC}") = "FitnessClub (Factory method)", "FitnessClub (Factory method)\FitnessClub (Factory method).csproj", "{71E7AC8A-F063-4FC3-BDF7-EF5700B1A9E3}"
EndProject
Project("{FAE04EC0-301F-11D3-BF4B-00C04F79EFBC}") = "Reporter (Builder)", "Reporter (Builder)\Reporter (Builder).csproj", "{C43AC1C2-9CA3-44A5-87C2-CB2DAE16FF81}"
EndProject
Project("{FAE04EC0-301F-11D3-BF4B-00C04F79EFBC}") = "NurburgerHouse (Builder)", "Nurburger house (Builder)\NurburgerHouse (Builder).csproj", "{336F375D-6BB9-48CF-9BAB-59F0F760C9FE}"
EndProject
Global
	GlobalSection(SolutionConfigurationPlatforms) = preSolution
		Debug|Any CPU = Debug|Any CPU
		Release|Any CPU = Release|Any CPU
	EndGlobalSection
	GlobalSection(ProjectConfigurationPlatforms) = postSolution
		{625E4500-C05C-44E8-8508-33FF9ECEE2CF}.Debug|Any CPU.ActiveCfg = Debug|Any CPU
		{625E4500-C05C-44E8-8508-33FF9ECEE2CF}.Debug|Any CPU.Build.0 = Debug|Any CPU
		{625E4500-C05C-44E8-8508-33FF9ECEE2CF}.Release|Any CPU.ActiveCfg = Release|Any CPU
		{625E4500-C05C-44E8-8508-33FF9ECEE2CF}.Release|Any CPU.Build.0 = Release|Any CPU
		{27D589CC-81A4-4F82-8316-D2C422F387A9}.Debug|Any CPU.ActiveCfg = Debug|Any CPU
		{27D589CC-81A4-4F82-8316-D2C422F387A9}.Debug|Any CPU.Build.0 = Debug|Any CPU
		{27D589CC-81A4-4F82-8316-D2C422F387A9}.Release|Any CPU.ActiveCfg = Release|Any CPU
		{27D589CC-81A4-4F82-8316-D2C422F387A9}.Release|Any CPU.Build.0 = Release|Any CPU
		{71E7AC8A-F063-4FC3-BDF7-EF5700B1A9E3}.Debug|Any CPU.ActiveCfg = Debug|Any CPU
		{71E7AC8A-F063-4FC3-BDF7-EF5700B1A9E3}.Debug|Any CPU.Build.0 = Debug|Any CPU
		{71E7AC8A-F063-4FC3-BDF7-EF5700B1A9E3}.Release|Any CPU.ActiveCfg = Release|Any CPU
		{71E7AC8A-F063-4FC3-BDF7-EF5700B1A9E3}.Release|Any CPU.Build.0 = Release|Any CPU
		{C43AC1C2-9CA3-44A5-87C2-CB2DAE16FF81}.Debug|Any CPU.ActiveCfg = Debug|Any CPU
		{C43AC1C2-9CA3-44A5-87C2-CB2DAE16FF81}.Debug|Any CPU.Build.0 = Debug|Any CPU
		{C43AC1C2-9CA3-44A5-87C2-CB2DAE16FF81}.Release|Any CPU.ActiveCfg = Release|Any CPU
		{C43AC1C2-9CA3-44A5-87C2-CB2DAE16FF81}.Release|Any CPU.Build.0 = Release|Any CPU
		{336F375D-6BB9-48CF-9BAB-59F0F760C9FE}.Debug|Any CPU.ActiveCfg = Debug|Any CPU
		{336F375D-6BB9-48CF-9BAB-59F0F760C9FE}.Debug|Any CPU.Build.0 = Debug|Any CPU
		{336F375D-6BB9-48CF-9BAB-59F0F760C9FE}.Release|Any CPU.ActiveCfg = Release|Any CPU
		{336F375D-6BB9-48CF-9BAB-59F0F760C9FE}.Release|Any CPU.Build.0 = Release|Any CPU
	EndGlobalSection
	GlobalSection(SolutionProperties) = preSolution
		HideSolutionNode = FALSE
	EndGlobalSection
	GlobalSection(ExtensibilityGlobals) = postSolution
		SolutionGuid = {358C3F38-6B48-4B83-9B5D-6B865B731B8B}
	EndGlobalSection
EndGlobal
